
Microsoft Visual Studio Solution File, Format Version 12.00
# Visual Studio Version 17
VisualStudioVersion = 17.1.32407.343
MinimumVisualStudioVersion = 10.0.40219.1
Project("{9A19103F-16F7-4668-BE54-9A1E7A4F7556}") = "Day1", "Day1\Day1.csproj", "{5701F8AE-E98C-4FE9-804D-7F990DE3CCD5}"
EndProject
Project("{9A19103F-16F7-4668-BE54-9A1E7A4F7556}") = "DAY7_task", "DAY7_task\DAY7_task.csproj", "{BFB1C024-1743-4C14-8B56-CB86ABE8DFE1}"
EndProject
Project("{9A19103F-16F7-4668-BE54-9A1E7A4F7556}") = "Day8_Tasks", "Day8_Tasks\Day8_Tasks.csproj", "{8DE6C331-4291-41F1-8BA8-FA735337E9F2}"
EndProject
Project("{FAE04EC0-301F-11D3-BF4B-00C04F79EFBC}") = "Day11_Task", "Day11_Task\Day11_Task.csproj", "{97EC1A2F-1BE4-408D-85CE-5A251942B8DF}"
EndProject
Global
	GlobalSection(SolutionConfigurationPlatforms) = preSolution
		Debug|Any CPU = Debug|Any CPU
		Release|Any CPU = Release|Any CPU
	EndGlobalSection
	GlobalSection(ProjectConfigurationPlatforms) = postSolution
		{5701F8AE-E98C-4FE9-804D-7F990DE3CCD5}.Debug|Any CPU.ActiveCfg = Debug|Any CPU
		{5701F8AE-E98C-4FE9-804D-7F990DE3CCD5}.Debug|Any CPU.Build.0 = Debug|Any CPU
		{5701F8AE-E98C-4FE9-804D-7F990DE3CCD5}.Release|Any CPU.ActiveCfg = Release|Any CPU
		{5701F8AE-E98C-4FE9-804D-7F990DE3CCD5}.Release|Any CPU.Build.0 = Release|Any CPU
		{BFB1C024-1743-4C14-8B56-CB86ABE8DFE1}.Debug|Any CPU.ActiveCfg = Debug|Any CPU
		{BFB1C024-1743-4C14-8B56-CB86ABE8DFE1}.Debug|Any CPU.Build.0 = Debug|Any CPU
		{BFB1C024-1743-4C14-8B56-CB86ABE8DFE1}.Release|Any CPU.ActiveCfg = Release|Any CPU
		{BFB1C024-1743-4C14-8B56-CB86ABE8DFE1}.Release|Any CPU.Build.0 = Release|Any CPU
		{8DE6C331-4291-41F1-8BA8-FA735337E9F2}.Debug|Any CPU.ActiveCfg = Debug|Any CPU
		{8DE6C331-4291-41F1-8BA8-FA735337E9F2}.Debug|Any CPU.Build.0 = Debug|Any CPU
		{8DE6C331-4291-41F1-8BA8-FA735337E9F2}.Release|Any CPU.ActiveCfg = Release|Any CPU
		{8DE6C331-4291-41F1-8BA8-FA735337E9F2}.Release|Any CPU.Build.0 = Release|Any CPU
		{97EC1A2F-1BE4-408D-85CE-5A251942B8DF}.Debug|Any CPU.ActiveCfg = Debug|Any CPU
		{97EC1A2F-1BE4-408D-85CE-5A251942B8DF}.Debug|Any CPU.Build.0 = Debug|Any CPU
		{97EC1A2F-1BE4-408D-85CE-5A251942B8DF}.Release|Any CPU.ActiveCfg = Release|Any CPU
		{97EC1A2F-1BE4-408D-85CE-5A251942B8DF}.Release|Any CPU.Build.0 = Release|Any CPU
	EndGlobalSection
	GlobalSection(SolutionProperties) = preSolution
		HideSolutionNode = FALSE
	EndGlobalSection
	GlobalSection(ExtensibilityGlobals) = postSolution
		SolutionGuid = {26D1B4E2-F234-4AF8-8F25-E3F2F8A0F90D}
	EndGlobalSection
EndGlobal
